<?xml version="1.0" encoding="utf-8"?>
<Project ToolsVersion="4.0" xmlns="http://schemas.microsoft.com/developer/msbuild/2003">
  <ItemGroup>
    <Filter Include="ソース ファイル">
      <UniqueIdentifier>{4FC737F1-C7A5-4376-A066-2A32D752A2FF}</UniqueIdentifier>
      <Extensions>cpp;c;cc;cxx;def;odl;idl;hpj;bat;asm;asmx</Extensions>
    </Filter>
    <Filter Include="ソース ファイル\src">
      <UniqueIdentifier>{15e3f8de-d850-4b74-8242-3ed20674a3ad}</UniqueIdentifier>
    </Filter>
    <Filter Include="ソース ファイル\src\BaseClass">
      <UniqueIdentifier>{8fa6db0d-df57-4136-b315-44186656dbb2}</UniqueIdentifier>
    </Filter>
    <Filter Include="ソース ファイル\src\Object">
      <UniqueIdentifier>{d9d130d8-2f50-40af-a9bd-6d69996d03da}</UniqueIdentifier>
    </Filter>
    <Filter Include="ソース ファイル\src\Object\Player">
      <UniqueIdentifier>{66c5bfae-6aef-4296-bed5-6ad1fa37c14a}</UniqueIdentifier>
    </Filter>
    <Filter Include="ソース ファイル\src\Scene">
      <UniqueIdentifier>{29b547e9-36d0-44ad-98cd-db8fefb2e0c6}</UniqueIdentifier>
    </Filter>
    <Filter Include="ソース ファイル\src\BaseClass\ImageManager">
      <UniqueIdentifier>{96c6f9e9-b373-4fa5-abcc-465d103a4ac0}</UniqueIdentifier>
    </Filter>
    <Filter Include="ソース ファイル\src\Object\Enemy">
      <UniqueIdentifier>{c79e45e1-1f1b-4a3b-8459-da9ca87b8b6f}</UniqueIdentifier>
    </Filter>
    <Filter Include="ソース ファイル\src\BaseClass\Collision">
      <UniqueIdentifier>{ebb1be35-0c29-4188-8808-cb03736c9ade}</UniqueIdentifier>
    </Filter>
    <Filter Include="ソース ファイル\src\BaseClass\Status">
      <UniqueIdentifier>{bbd08e6c-8280-4c37-9a41-37e4a8e37574}</UniqueIdentifier>
    </Filter>
    <Filter Include="ソース ファイル\src\Object\Player\CameraGan">
      <UniqueIdentifier>{1c25f940-1341-4380-aaac-f7baffe3c49d}</UniqueIdentifier>
    </Filter>
    <Filter Include="ソース ファイル\src\Object\Player\CharaController">
      <UniqueIdentifier>{37caa740-3560-4346-993f-76a3c3b3d694}</UniqueIdentifier>
    </Filter>
    <Filter Include="ソース ファイル\src\Object\Enemy\EnemyType">
      <UniqueIdentifier>{e504076d-489f-44d2-bc52-995512a4a2f2}</UniqueIdentifier>
    </Filter>
    <Filter Include="ソース ファイル\src\Object\TemporaryCollision">
      <UniqueIdentifier>{77c95856-dbaf-48de-b095-d4da6513d9ba}</UniqueIdentifier>
    </Filter>
    <Filter Include="ソース ファイル\src\BaseClass\Input">
      <UniqueIdentifier>{8be4abb2-3f7f-4a6c-8b5b-e772c2c4c27a}</UniqueIdentifier>
    </Filter>
    <Filter Include="ソース ファイル\src\Object\Player\Skill">
      <UniqueIdentifier>{2ee36627-ef3c-46d5-882f-20d0bbb63f91}</UniqueIdentifier>
    </Filter>
    <Filter Include="ソース ファイル\src\Object\Player\Skill\SkillData">
      <UniqueIdentifier>{2fa000ef-a07b-4811-830c-39411f4cc8b5}</UniqueIdentifier>
    </Filter>
    <Filter Include="ソース ファイル\src\Object\Player\Skill\SkillManager">
      <UniqueIdentifier>{fb00e5a1-69f4-434f-bb9c-6b9bcbe0edda}</UniqueIdentifier>
    </Filter>
    <Filter Include="ソース ファイル\src\Object\Player\Skill\SkillObject">
      <UniqueIdentifier>{ebc84cb7-df8c-4650-9ad7-72ad07174bc0}</UniqueIdentifier>
    </Filter>
    <Filter Include="ソース ファイル\src\Object\Player\Skill\SkillType">
      <UniqueIdentifier>{df787194-7b65-41dd-a125-f09e0abd28cf}</UniqueIdentifier>
    </Filter>
    <Filter Include="ソース ファイル\src\Object\Object3D">
      <UniqueIdentifier>{7316d41b-4e32-4aac-bf74-adcfdc346994}</UniqueIdentifier>
    </Filter>
    <Filter Include="ソース ファイル\src\Loader">
      <UniqueIdentifier>{0d3c5429-1030-4beb-879a-6a6385c9e2a8}</UniqueIdentifier>
    </Filter>
    <Filter Include="ソース ファイル\src\BaseClass\GUIObject">
      <UniqueIdentifier>{7e07f8bf-90fc-4b54-80c4-6b0e8c78b5e3}</UniqueIdentifier>
    </Filter>
    <Filter Include="ソース ファイル\src\Effect">
      <UniqueIdentifier>{d37e3239-8faf-4004-973c-8674881732b1}</UniqueIdentifier>
    </Filter>
    <Filter Include="ソース ファイル\src\BaseClass\GUIObject\GageGui">
      <UniqueIdentifier>{8e98cb23-a61f-4d4d-b094-2e59afbf6508}</UniqueIdentifier>
    </Filter>
    <Filter Include="ソース ファイル\src\BaseClass\GUIObject\ScreenGui">
      <UniqueIdentifier>{280483aa-bd93-4be8-91c7-633a9b98195d}</UniqueIdentifier>
    </Filter>
    <Filter Include="ソース ファイル\src\BaseClass\GUIObject\DataGui">
      <UniqueIdentifier>{d2959802-7785-41e0-858b-cfbc214a68fa}</UniqueIdentifier>
    </Filter>
    <Filter Include="ソース ファイル\src\Object\CameraMan">
      <UniqueIdentifier>{62b03c05-85d6-4bd8-a5c5-0a255d6fd3ac}</UniqueIdentifier>
    </Filter>
    <Filter Include="ソース ファイル\src\BaseClass\Sound">
      <UniqueIdentifier>{7d333bf2-3de3-4ef2-ae1b-f6e1a31f0149}</UniqueIdentifier>
    </Filter>
    <Filter Include="ソース ファイル\src\Event">
      <UniqueIdentifier>{311f6e09-06cb-412b-ac5a-7698d29dc786}</UniqueIdentifier>
    </Filter>
    <Filter Include="ソース ファイル\src\Object\Player\Skill\SkillType\SkillAttack">
      <UniqueIdentifier>{e494c13d-82fc-4971-805c-8c3fdfb9ae72}</UniqueIdentifier>
    </Filter>
    <Filter Include="ソース ファイル\src\Object\Player\Skill\SkillType\SkillMove">
      <UniqueIdentifier>{df45246d-28e7-4dc6-8e3e-28296598442b}</UniqueIdentifier>
    </Filter>
    <Filter Include="ソース ファイル\src\Scene\Scene_GameClear">
      <UniqueIdentifier>{7d0c3774-154b-4fd5-aab2-2e9ac0097313}</UniqueIdentifier>
    </Filter>
    <Filter Include="ソース ファイル\src\Scene\Scene_Game">
      <UniqueIdentifier>{e3b190e4-cb05-49ec-bfd6-b47cdc38a528}</UniqueIdentifier>
    </Filter>
    <Filter Include="ソース ファイル\src\Scene\Scene_Title">
      <UniqueIdentifier>{ff07ba7e-e451-4175-a113-2571d61d7ef1}</UniqueIdentifier>
    </Filter>
    <Filter Include="ソース ファイル\src\Scene\Scene_GameOver">
      <UniqueIdentifier>{6539fb6b-671a-4e67-9096-48e36da60628}</UniqueIdentifier>
    </Filter>
    <Filter Include="ソース ファイル\src\BaseClass\Asset">
      <UniqueIdentifier>{9c0f01ef-1fd5-4a49-93e7-fac287db3e5d}</UniqueIdentifier>
    </Filter>
  </ItemGroup>
  <ItemGroup>
    <ClCompile Include="src\Main.cpp">
      <Filter>ソース ファイル\src</Filter>
    </ClCompile>
    <ClCompile Include="src\BaseClass\Move.cpp">
      <Filter>ソース ファイル\src\BaseClass</Filter>
    </ClCompile>
    <ClCompile Include="src\Object\GameObject.cpp">
      <Filter>ソース ファイル\src\Object</Filter>
    </ClCompile>
    <ClCompile Include="src\Object\Player\Player.cpp">
      <Filter>ソース ファイル\src\Object\Player</Filter>
    </ClCompile>
    <ClCompile Include="src\BaseClass\ImageManager\AnimationCharaChip.cpp">
      <Filter>ソース ファイル\src\BaseClass\ImageManager</Filter>
    </ClCompile>
    <ClCompile Include="src\BaseClass\ImageManager\ImageManager.cpp">
      <Filter>ソース ファイル\src\BaseClass\ImageManager</Filter>
    </ClCompile>
    <ClCompile Include="src\CSTList.cpp">
      <Filter>ソース ファイル\src</Filter>
    </ClCompile>
    <ClCompile Include="src\BaseClass\Collision\CollisionCreator.cpp">
      <Filter>ソース ファイル\src\BaseClass\Collision</Filter>
    </ClCompile>
    <ClCompile Include="src\BaseClass\Collision\CollisionManager.cpp">
      <Filter>ソース ファイル\src\BaseClass\Collision</Filter>
    </ClCompile>
    <ClCompile Include="src\BaseClass\Status\Status.cpp">
      <Filter>ソース ファイル\src\BaseClass\Status</Filter>
    </ClCompile>
    <ClCompile Include="src\Object\Player\CameraGun\CameraGun.cpp">
      <Filter>ソース ファイル\src\Object\Player\CameraGan</Filter>
    </ClCompile>
    <ClCompile Include="src\Object\Player\CharaController\CharaController.cpp">
      <Filter>ソース ファイル\src\Object\Player\CharaController</Filter>
    </ClCompile>
    <ClCompile Include="src\Object\Enemy\EnemyType\EnemyMovePattern.cpp">
      <Filter>ソース ファイル\src\Object\Enemy\EnemyType</Filter>
    </ClCompile>
    <ClCompile Include="src\Object\Enemy\EnemyType\EnemyMoveSet.cpp">
      <Filter>ソース ファイル\src\Object\Enemy\EnemyType</Filter>
    </ClCompile>
    <ClCompile Include="src\Object\Enemy\EnemyType\EnemyMoveTransition.cpp">
      <Filter>ソース ファイル\src\Object\Enemy\EnemyType</Filter>
    </ClCompile>
    <ClCompile Include="src\Object\Enemy\EnemyType\EnemyType.cpp">
      <Filter>ソース ファイル\src\Object\Enemy\EnemyType</Filter>
    </ClCompile>
    <ClCompile Include="src\Object\Enemy\EnemyType\EnemyTypeManager.cpp">
      <Filter>ソース ファイル\src\Object\Enemy\EnemyType</Filter>
    </ClCompile>
    <ClCompile Include="src\Object\Enemy\Enemy.cpp">
      <Filter>ソース ファイル\src\Object\Enemy</Filter>
    </ClCompile>
    <ClCompile Include="src\Object\Enemy\EnemyManager.cpp">
      <Filter>ソース ファイル\src\Object\Enemy</Filter>
    </ClCompile>
    <ClCompile Include="src\Object\TemporaryCollision\TemporaryCollisionManager.cpp">
      <Filter>ソース ファイル\src\Object\TemporaryCollision</Filter>
    </ClCompile>
    <ClCompile Include="src\BaseClass\Input\Input.cpp">
      <Filter>ソース ファイル\src\BaseClass\Input</Filter>
    </ClCompile>
    <ClCompile Include="src\Object\TemporaryCollision\TemporaryCollision.cpp">
      <Filter>ソース ファイル\src\Object\TemporaryCollision</Filter>
    </ClCompile>
    <ClCompile Include="src\Object\Player\Skill\SkiiData.cpp">
      <Filter>ソース ファイル\src\Object\Player\Skill\SkillData</Filter>
    </ClCompile>
    <ClCompile Include="src\Object\Player\Skill\SkillManager.cpp">
      <Filter>ソース ファイル\src\Object\Player\Skill\SkillManager</Filter>
    </ClCompile>
    <ClCompile Include="src\Object\Player\Skill\SkillObject.cpp">
      <Filter>ソース ファイル\src\Object\Player\Skill\SkillObject</Filter>
    </ClCompile>
    <ClCompile Include="src\Object\Player\Skill\SkillType.cpp">
      <Filter>ソース ファイル\src\Object\Player\Skill\SkillType</Filter>
    </ClCompile>
    <ClCompile Include="src\Object\Object3D\Object3D.cpp">
      <Filter>ソース ファイル\src\Object\Object3D</Filter>
    </ClCompile>
    <ClCompile Include="src\Loader\EnemyLoader.cpp">
      <Filter>ソース ファイル\src\Loader</Filter>
    </ClCompile>
    <ClCompile Include="src\Object\Enemy\EnemyType\CharacterBehavior.cpp">
      <Filter>ソース ファイル\src\Object\Enemy\EnemyType</Filter>
    </ClCompile>
    <ClCompile Include="src\TimeCount.cpp">
      <Filter>ソース ファイル\src</Filter>
    </ClCompile>
    <ClCompile Include="src\BaseClass\GUIObject\GUIObject.cpp">
      <Filter>ソース ファイル\src\BaseClass\GUIObject</Filter>
    </ClCompile>
    <ClCompile Include="src\Effect\Effect.cpp">
      <Filter>ソース ファイル\src\Effect</Filter>
    </ClCompile>
    <ClCompile Include="src\BaseClass\GUIObject\GageGui\GageGui.cpp">
      <Filter>ソース ファイル\src\BaseClass\GUIObject\GageGui</Filter>
    </ClCompile>
    <ClCompile Include="src\BaseClass\GUIObject\ScreenGui\ScreenGui.cpp">
      <Filter>ソース ファイル\src\BaseClass\GUIObject\ScreenGui</Filter>
    </ClCompile>
    <ClCompile Include="src\BaseClass\GUIObject\DataGui\DataGui.cpp">
      <Filter>ソース ファイル\src\BaseClass\GUIObject\DataGui</Filter>
    </ClCompile>
    <ClCompile Include="src\Object\CameraMan\CameraMan.cpp">
      <Filter>ソース ファイル\src\Object\CameraMan</Filter>
    </ClCompile>
    <ClCompile Include="src\BaseClass\Sound\Sound.cpp">
      <Filter>ソース ファイル\src\BaseClass\Sound</Filter>
    </ClCompile>
    <ClCompile Include="src\Scene\SceneManager.cpp">
      <Filter>ソース ファイル\src\Scene</Filter>
    </ClCompile>
    <ClCompile Include="src\Scene\Scene_Game\Scene_Game.cpp">
      <Filter>ソース ファイル\src\Scene\Scene_Game</Filter>
    </ClCompile>
    <ClCompile Include="src\Scene\Scene_Title\Scene_Title.cpp">
      <Filter>ソース ファイル\src\Scene\Scene_Title</Filter>
    </ClCompile>
    <ClCompile Include="src\Event\Event.cpp">
      <Filter>ソース ファイル\src\Event</Filter>
    </ClCompile>
    <ClCompile Include="src\Object\Player\Skill\SkillMove\SkillMove.cpp">
      <Filter>ソース ファイル\src\Object\Player\Skill\SkillType\SkillMove</Filter>
    </ClCompile>
    <ClCompile Include="src\Object\Player\Skill\SkillAttack\SkillAttack.cpp">
      <Filter>ソース ファイル\src\Object\Player\Skill\SkillType\SkillAttack</Filter>
    </ClCompile>
    <ClCompile Include="src\Scene\Scene_GameClear\Scene_GameClear.cpp">
      <Filter>ソース ファイル\src\Scene\Scene_GameClear</Filter>
    </ClCompile>
    <ClCompile Include="src\Scene\Scene_GameOver\Scene_GameOver.cpp">
      <Filter>ソース ファイル\src\Scene\Scene_GameOver</Filter>
    </ClCompile>
    <ClCompile Include="src\BaseClass\Asset\Asset.cpp">
      <Filter>ソース ファイル\src\BaseClass\Asset</Filter>
    </ClCompile>
  </ItemGroup>
  <ItemGroup>
    <ClInclude Include="src\BaseClass\Move.h">
      <Filter>ソース ファイル\src\BaseClass</Filter>
    </ClInclude>
    <ClInclude Include="src\Object\GameObject.h">
      <Filter>ソース ファイル\src\Object</Filter>
    </ClInclude>
    <ClInclude Include="src\Object\Player\Player.h">
      <Filter>ソース ファイル\src\Object\Player</Filter>
    </ClInclude>
    <ClInclude Include="src\BaseClass\ImageManager\AnimationCharaChip.h">
      <Filter>ソース ファイル\src\BaseClass\ImageManager</Filter>
    </ClInclude>
    <ClInclude Include="src\BaseClass\ImageManager\ImageManager.h">
      <Filter>ソース ファイル\src\BaseClass\ImageManager</Filter>
    </ClInclude>
    <ClInclude Include="src\BaseClass\easing.h">
      <Filter>ソース ファイル\src\BaseClass</Filter>
    </ClInclude>
    <ClInclude Include="src\CSTList.h">
      <Filter>ソース ファイル\src</Filter>
    </ClInclude>
    <ClInclude Include="src\BaseClass\Collision\CollisionCreator.h">
      <Filter>ソース ファイル\src\BaseClass\Collision</Filter>
    </ClInclude>
    <ClInclude Include="src\BaseClass\Collision\CollisionManager.h">
      <Filter>ソース ファイル\src\BaseClass\Collision</Filter>
    </ClInclude>
    <ClInclude Include="src\BaseClass\Status\Status.h">
      <Filter>ソース ファイル\src\BaseClass\Status</Filter>
    </ClInclude>
    <ClInclude Include="src\Object\Player\CameraGun\CameraGun.h">
      <Filter>ソース ファイル\src\Object\Player\CameraGan</Filter>
    </ClInclude>
    <ClInclude Include="src\Object\Player\CharaController\CharaController.h">
      <Filter>ソース ファイル\src\Object\Player\CharaController</Filter>
    </ClInclude>
    <ClInclude Include="src\Object\Enemy\EnemyType\EnemyMovePattern.h">
      <Filter>ソース ファイル\src\Object\Enemy\EnemyType</Filter>
    </ClInclude>
    <ClInclude Include="src\Object\Enemy\EnemyType\EnemyMoveSet.h">
      <Filter>ソース ファイル\src\Object\Enemy\EnemyType</Filter>
    </ClInclude>
    <ClInclude Include="src\Object\Enemy\EnemyType\EnemyMoveTransition.h">
      <Filter>ソース ファイル\src\Object\Enemy\EnemyType</Filter>
    </ClInclude>
    <ClInclude Include="src\Object\Enemy\EnemyType\EnemyType.h">
      <Filter>ソース ファイル\src\Object\Enemy\EnemyType</Filter>
    </ClInclude>
    <ClInclude Include="src\Object\Enemy\EnemyType\EnemyTypeManager.h">
      <Filter>ソース ファイル\src\Object\Enemy\EnemyType</Filter>
    </ClInclude>
    <ClInclude Include="src\Object\Enemy\Enemy.h">
      <Filter>ソース ファイル\src\Object\Enemy</Filter>
    </ClInclude>
    <ClInclude Include="src\Object\Enemy\EnemyManager.h">
      <Filter>ソース ファイル\src\Object\Enemy</Filter>
    </ClInclude>
    <ClInclude Include="src\Object\TemporaryCollision\TemporaryCollision.h">
      <Filter>ソース ファイル\src\Object\TemporaryCollision</Filter>
    </ClInclude>
    <ClInclude Include="src\Object\TemporaryCollision\TemporaryCollisionManager.h">
      <Filter>ソース ファイル\src\Object\TemporaryCollision</Filter>
    </ClInclude>
    <ClInclude Include="src\BaseClass\Input\Input.h">
      <Filter>ソース ファイル\src\BaseClass\Input</Filter>
    </ClInclude>
    <ClInclude Include="src\Helper.h">
      <Filter>ソース ファイル\src</Filter>
    </ClInclude>
    <ClInclude Include="src\Object\Player\Skill\SkillData.h">
      <Filter>ソース ファイル\src\Object\Player\Skill\SkillData</Filter>
    </ClInclude>
    <ClInclude Include="src\Object\Player\Skill\SkillManager.h">
      <Filter>ソース ファイル\src\Object\Player\Skill\SkillManager</Filter>
    </ClInclude>
    <ClInclude Include="src\Object\Player\Skill\SkillObject.h">
      <Filter>ソース ファイル\src\Object\Player\Skill\SkillObject</Filter>
    </ClInclude>
    <ClInclude Include="src\Object\Player\Skill\SkillType.h">
      <Filter>ソース ファイル\src\Object\Player\Skill\SkillType</Filter>
    </ClInclude>
    <ClInclude Include="src\Object\Object3D\Object3D.h">
      <Filter>ソース ファイル\src\Object\Object3D</Filter>
    </ClInclude>
    <ClInclude Include="src\Loader\EnemyLoader.h">
      <Filter>ソース ファイル\src\Loader</Filter>
    </ClInclude>
    <ClInclude Include="src\Object\Enemy\EnemyType\CharacterBehavior.h">
      <Filter>ソース ファイル\src\Object\Enemy\EnemyType</Filter>
    </ClInclude>
    <ClInclude Include="src\TimeCount.h">
      <Filter>ソース ファイル\src</Filter>
    </ClInclude>
    <ClInclude Include="src\BaseClass\GUIObject\GUIObject.h">
      <Filter>ソース ファイル\src\BaseClass\GUIObject</Filter>
    </ClInclude>
    <ClInclude Include="src\Effect\Effect.h">
      <Filter>ソース ファイル\src\Effect</Filter>
    </ClInclude>
    <ClInclude Include="src\BaseClass\GUIObject\GageGui\GageGui.h">
      <Filter>ソース ファイル\src\BaseClass\GUIObject\GageGui</Filter>
    </ClInclude>
    <ClInclude Include="src\BaseClass\GUIObject\ScreenGui\ScreenGui.h">
      <Filter>ソース ファイル\src\BaseClass\GUIObject\ScreenGui</Filter>
    </ClInclude>
    <ClInclude Include="src\BaseClass\GUIObject\DataGui\DataGui.h">
      <Filter>ソース ファイル\src\BaseClass\GUIObject\DataGui</Filter>
    </ClInclude>
    <ClInclude Include="src\Object\CameraMan\CameraMan.h">
      <Filter>ソース ファイル\src\Object\CameraMan</Filter>
    </ClInclude>
    <ClInclude Include="src\BaseClass\Sound\Sound.h">
      <Filter>ソース ファイル\src\BaseClass\Sound</Filter>
    </ClInclude>
    <ClInclude Include="src\Scene\SceneAbstract.h">
      <Filter>ソース ファイル\src\Scene</Filter>
    </ClInclude>
    <ClInclude Include="src\Scene\SceneManager.h">
      <Filter>ソース ファイル\src\Scene</Filter>
    </ClInclude>
    <ClInclude Include="src\Scene\Scene_Game\Scene_Game.h">
      <Filter>ソース ファイル\src\Scene\Scene_Game</Filter>
    </ClInclude>
    <ClInclude Include="src\Scene\Scene_Title\Scene_Title.h">
      <Filter>ソース ファイル\src\Scene\Scene_Title</Filter>
    </ClInclude>
    <ClInclude Include="src\Event\Event.h">
      <Filter>ソース ファイル\src\Event</Filter>
    </ClInclude>
    <ClInclude Include="src\Object\Player\Skill\SkillMove\SkillMove.h">
      <Filter>ソース ファイル\src\Object\Player\Skill\SkillType\SkillMove</Filter>
    </ClInclude>
    <ClInclude Include="src\Object\Player\Skill\SkillAttack\SkillAttack.h">
      <Filter>ソース ファイル\src\Object\Player\Skill\SkillType\SkillAttack</Filter>
    </ClInclude>
    <ClInclude Include="src\Scene\Scene_GameClear\Scene_GameClear.h">
      <Filter>ソース ファイル\src\Scene\Scene_GameClear</Filter>
    </ClInclude>
    <ClInclude Include="src\Scene\Scene_GameOver\Scene_GameOver.h">
      <Filter>ソース ファイル\src\Scene\Scene_GameOver</Filter>
    </ClInclude>
    <ClInclude Include="src\BaseClass\Asset\Asset.h">
      <Filter>ソース ファイル\src\BaseClass\Asset</Filter>
    </ClInclude>
  </ItemGroup>
</Project>